// !$*UTF8*$!
{
	archiveVersion = 1;
	classes = {
	};
	objectVersion = 51;
	objects = {

/* Begin PBXBuildFile section */
		9738FD952653149B00F11CEB /* FavoritesCollectionViewCell.swift in Sources */ = {isa = PBXBuildFile; fileRef = 9738FD942653149B00F11CEB /* FavoritesCollectionViewCell.swift */; };
		B355544126406DBF008D1B44 /* RestaurantCell.swift in Sources */ = {isa = PBXBuildFile; fileRef = B355544026406DBF008D1B44 /* RestaurantCell.swift */; };
		B64DACDF265298B1D7F5C146 /* Pods_Restaurant_Recommendations.framework in Frameworks */ = {isa = PBXBuildFile; fileRef = 221CC578EAA9B0EC4FB7DEED /* Pods_Restaurant_Recommendations.framework */; };
		DD28643E2624B0B60049B1C5 /* GoogleService-Info.plist in Resources */ = {isa = PBXBuildFile; fileRef = DD28643D2624B0B60049B1C5 /* GoogleService-Info.plist */; };
		DD2864552624B41F0049B1C5 /* RestaurantObject.swift in Sources */ = {isa = PBXBuildFile; fileRef = DD2864542624B41F0049B1C5 /* RestaurantObject.swift */; };
		DD2864592624B4830049B1C5 /* JsonParse.swift in Sources */ = {isa = PBXBuildFile; fileRef = DD2864582624B4830049B1C5 /* JsonParse.swift */; };
		DD28645F2624B4FD0049B1C5 /* Search.swift in Sources */ = {isa = PBXBuildFile; fileRef = DD28645E2624B4FD0049B1C5 /* Search.swift */; };
		DD2864632624B5E40049B1C5 /* UserInformation.swift in Sources */ = {isa = PBXBuildFile; fileRef = DD2864622624B5E40049B1C5 /* UserInformation.swift */; };
		DD2864672624B6160049B1C5 /* User.swift in Sources */ = {isa = PBXBuildFile; fileRef = DD2864662624B6160049B1C5 /* User.swift */; };
		DD28646A2624B6260049B1C5 /* FirebaseHelper.swift in Sources */ = {isa = PBXBuildFile; fileRef = DD2864692624B6260049B1C5 /* FirebaseHelper.swift */; };
		DD3DD813262D2B3400661A7F /* HomeViewController.swift in Sources */ = {isa = PBXBuildFile; fileRef = DD3DD812262D2B3400661A7F /* HomeViewController.swift */; };
		DD3DD816262D2BBD00661A7F /* SearchViewController.swift in Sources */ = {isa = PBXBuildFile; fileRef = DD3DD815262D2BBD00661A7F /* SearchViewController.swift */; };
		DD3DD819262D2BFE00661A7F /* RestaurantDetailViewController.swift in Sources */ = {isa = PBXBuildFile; fileRef = DD3DD818262D2BFE00661A7F /* RestaurantDetailViewController.swift */; };
		DD3DD820262D2C6500661A7F /* FriendsTableViewController.swift in Sources */ = {isa = PBXBuildFile; fileRef = DD3DD81F262D2C6500661A7F /* FriendsTableViewController.swift */; };
		DD3DD823262D2CCE00661A7F /* RecommendationTableViewController.swift in Sources */ = {isa = PBXBuildFile; fileRef = DD3DD822262D2CCE00661A7F /* RecommendationTableViewController.swift */; };
		DD862F6B2649BE8500A316D3 /* FriendTableViewCell.swift in Sources */ = {isa = PBXBuildFile; fileRef = DD862F6A2649BE8500A316D3 /* FriendTableViewCell.swift */; };
		DD99351E2652CD3B002FCB55 /* MyAlert.swift in Sources */ = {isa = PBXBuildFile; fileRef = DD99351D2652CD3B002FCB55 /* MyAlert.swift */; };
		DDA318D52623CA0000CC1A5D /* AppDelegate.swift in Sources */ = {isa = PBXBuildFile; fileRef = DDA318D42623CA0000CC1A5D /* AppDelegate.swift */; };
		DDA318D72623CA0000CC1A5D /* SceneDelegate.swift in Sources */ = {isa = PBXBuildFile; fileRef = DDA318D62623CA0000CC1A5D /* SceneDelegate.swift */; };
		DDA318D92623CA0000CC1A5D /* LoginViewController.swift in Sources */ = {isa = PBXBuildFile; fileRef = DDA318D82623CA0000CC1A5D /* LoginViewController.swift */; };
		DDA318DC2623CA0000CC1A5D /* Main.storyboard in Resources */ = {isa = PBXBuildFile; fileRef = DDA318DA2623CA0000CC1A5D /* Main.storyboard */; };
		DDA318DE2623CA0000CC1A5D /* Assets.xcassets in Resources */ = {isa = PBXBuildFile; fileRef = DDA318DD2623CA0000CC1A5D /* Assets.xcassets */; };
		DDA318E12623CA0000CC1A5D /* LaunchScreen.storyboard in Resources */ = {isa = PBXBuildFile; fileRef = DDA318DF2623CA0000CC1A5D /* LaunchScreen.storyboard */; };
		DDCB152E26576206004B4B60 /* Styling.swift in Sources */ = {isa = PBXBuildFile; fileRef = DDCB152D26576206004B4B60 /* Styling.swift */; };
/* End PBXBuildFile section */

/* Begin PBXFileReference section */
		1770F5A38596B641BCB5C871 /* Pods-Restaurant Recommendations.release.xcconfig */ = {isa = PBXFileReference; includeInIndex = 1; lastKnownFileType = text.xcconfig; name = "Pods-Restaurant Recommendations.release.xcconfig"; path = "Target Support Files/Pods-Restaurant Recommendations/Pods-Restaurant Recommendations.release.xcconfig"; sourceTree = "<group>"; };
		221CC578EAA9B0EC4FB7DEED /* Pods_Restaurant_Recommendations.framework */ = {isa = PBXFileReference; explicitFileType = wrapper.framework; includeInIndex = 0; path = Pods_Restaurant_Recommendations.framework; sourceTree = BUILT_PRODUCTS_DIR; };
		6BEDAFE3747856C4FBA51EE6 /* Pods-Restaurant Recommendations.debug.xcconfig */ = {isa = PBXFileReference; includeInIndex = 1; lastKnownFileType = text.xcconfig; name = "Pods-Restaurant Recommendations.debug.xcconfig"; path = "Target Support Files/Pods-Restaurant Recommendations/Pods-Restaurant Recommendations.debug.xcconfig"; sourceTree = "<group>"; };
		9738FD942653149B00F11CEB /* FavoritesCollectionViewCell.swift */ = {isa = PBXFileReference; lastKnownFileType = sourcecode.swift; path = FavoritesCollectionViewCell.swift; sourceTree = "<group>"; };
		B355544026406DBF008D1B44 /* RestaurantCell.swift */ = {isa = PBXFileReference; lastKnownFileType = sourcecode.swift; path = RestaurantCell.swift; sourceTree = "<group>"; };
		DD28643D2624B0B60049B1C5 /* GoogleService-Info.plist */ = {isa = PBXFileReference; fileEncoding = 4; lastKnownFileType = text.plist.xml; path = "GoogleService-Info.plist"; sourceTree = "<group>"; };
		DD2864542624B41F0049B1C5 /* RestaurantObject.swift */ = {isa = PBXFileReference; fileEncoding = 4; lastKnownFileType = sourcecode.swift; path = RestaurantObject.swift; sourceTree = "<group>"; };
		DD2864582624B4830049B1C5 /* JsonParse.swift */ = {isa = PBXFileReference; fileEncoding = 4; lastKnownFileType = sourcecode.swift; path = JsonParse.swift; sourceTree = "<group>"; };
		DD28645E2624B4FD0049B1C5 /* Search.swift */ = {isa = PBXFileReference; fileEncoding = 4; lastKnownFileType = sourcecode.swift; path = Search.swift; sourceTree = "<group>"; };
		DD2864622624B5E40049B1C5 /* UserInformation.swift */ = {isa = PBXFileReference; fileEncoding = 4; lastKnownFileType = sourcecode.swift; path = UserInformation.swift; sourceTree = "<group>"; };
		DD2864662624B6160049B1C5 /* User.swift */ = {isa = PBXFileReference; fileEncoding = 4; lastKnownFileType = sourcecode.swift; path = User.swift; sourceTree = "<group>"; };
		DD2864692624B6260049B1C5 /* FirebaseHelper.swift */ = {isa = PBXFileReference; fileEncoding = 4; lastKnownFileType = sourcecode.swift; path = FirebaseHelper.swift; sourceTree = "<group>"; };
		DD3DD812262D2B3400661A7F /* HomeViewController.swift */ = {isa = PBXFileReference; lastKnownFileType = sourcecode.swift; path = HomeViewController.swift; sourceTree = "<group>"; };
		DD3DD815262D2BBD00661A7F /* SearchViewController.swift */ = {isa = PBXFileReference; lastKnownFileType = sourcecode.swift; path = SearchViewController.swift; sourceTree = "<group>"; };
		DD3DD818262D2BFE00661A7F /* RestaurantDetailViewController.swift */ = {isa = PBXFileReference; lastKnownFileType = sourcecode.swift; path = RestaurantDetailViewController.swift; sourceTree = "<group>"; };
		DD3DD81F262D2C6500661A7F /* FriendsTableViewController.swift */ = {isa = PBXFileReference; lastKnownFileType = sourcecode.swift; path = FriendsTableViewController.swift; sourceTree = "<group>"; };
		DD3DD822262D2CCE00661A7F /* RecommendationTableViewController.swift */ = {isa = PBXFileReference; lastKnownFileType = sourcecode.swift; path = RecommendationTableViewController.swift; sourceTree = "<group>"; };
		DD862F6A2649BE8500A316D3 /* FriendTableViewCell.swift */ = {isa = PBXFileReference; lastKnownFileType = sourcecode.swift; path = FriendTableViewCell.swift; sourceTree = "<group>"; };
		DD99351D2652CD3B002FCB55 /* MyAlert.swift */ = {isa = PBXFileReference; lastKnownFileType = sourcecode.swift; path = MyAlert.swift; sourceTree = "<group>"; };
		DDA318D12623CA0000CC1A5D /* Restaurant Recommendations.app */ = {isa = PBXFileReference; explicitFileType = wrapper.application; includeInIndex = 0; path = "Restaurant Recommendations.app"; sourceTree = BUILT_PRODUCTS_DIR; };
		DDA318D42623CA0000CC1A5D /* AppDelegate.swift */ = {isa = PBXFileReference; lastKnownFileType = sourcecode.swift; path = AppDelegate.swift; sourceTree = "<group>"; };
		DDA318D62623CA0000CC1A5D /* SceneDelegate.swift */ = {isa = PBXFileReference; lastKnownFileType = sourcecode.swift; path = SceneDelegate.swift; sourceTree = "<group>"; };
		DDA318D82623CA0000CC1A5D /* LoginViewController.swift */ = {isa = PBXFileReference; lastKnownFileType = sourcecode.swift; path = LoginViewController.swift; sourceTree = "<group>"; };
		DDA318DB2623CA0000CC1A5D /* Base */ = {isa = PBXFileReference; lastKnownFileType = file.storyboard; name = Base; path = Base.lproj/Main.storyboard; sourceTree = "<group>"; };
		DDA318DD2623CA0000CC1A5D /* Assets.xcassets */ = {isa = PBXFileReference; lastKnownFileType = folder.assetcatalog; path = Assets.xcassets; sourceTree = "<group>"; };
		DDA318E02623CA0000CC1A5D /* Base */ = {isa = PBXFileReference; lastKnownFileType = file.storyboard; name = Base; path = Base.lproj/LaunchScreen.storyboard; sourceTree = "<group>"; };
		DDA318E22623CA0000CC1A5D /* Info.plist */ = {isa = PBXFileReference; lastKnownFileType = text.plist.xml; path = Info.plist; sourceTree = "<group>"; };
		DDCB152D26576206004B4B60 /* Styling.swift */ = {isa = PBXFileReference; lastKnownFileType = sourcecode.swift; path = Styling.swift; sourceTree = "<group>"; };
/* End PBXFileReference section */

/* Begin PBXFrameworksBuildPhase section */
		DDA318CE2623CA0000CC1A5D /* Frameworks */ = {
			isa = PBXFrameworksBuildPhase;
			buildActionMask = 2147483647;
			files = (
				B64DACDF265298B1D7F5C146 /* Pods_Restaurant_Recommendations.framework in Frameworks */,
			);
			runOnlyForDeploymentPostprocessing = 0;
		};
/* End PBXFrameworksBuildPhase section */

/* Begin PBXGroup section */
		CEDF9E743BC6561F0D637D47 /* Frameworks */ = {
			isa = PBXGroup;
			children = (
				221CC578EAA9B0EC4FB7DEED /* Pods_Restaurant_Recommendations.framework */,
			);
			name = Frameworks;
			sourceTree = "<group>";
		};
		D22EAA029755C4F6A520F0FD /* Pods */ = {
			isa = PBXGroup;
			children = (
				6BEDAFE3747856C4FBA51EE6 /* Pods-Restaurant Recommendations.debug.xcconfig */,
				1770F5A38596B641BCB5C871 /* Pods-Restaurant Recommendations.release.xcconfig */,
			);
			path = Pods;
			sourceTree = "<group>";
		};
		DD28645B2624B4960049B1C5 /* Json */ = {
			isa = PBXGroup;
			children = (
				DD2864582624B4830049B1C5 /* JsonParse.swift */,
			);
			path = Json;
			sourceTree = "<group>";
		};
		DD28645D2624B4D00049B1C5 /* Api and Firebase */ = {
			isa = PBXGroup;
			children = (
				DD28645E2624B4FD0049B1C5 /* Search.swift */,
				DD2864622624B5E40049B1C5 /* UserInformation.swift */,
				DD2864692624B6260049B1C5 /* FirebaseHelper.swift */,
			);
			path = "Api and Firebase";
			sourceTree = "<group>";
		};
		DD28646C2624B6970049B1C5 /* User and Restaurant Object */ = {
			isa = PBXGroup;
			children = (
				DD2864542624B41F0049B1C5 /* RestaurantObject.swift */,
				DD2864662624B6160049B1C5 /* User.swift */,
			);
			path = "User and Restaurant Object";
			sourceTree = "<group>";
		};
		DDA318C82623CA0000CC1A5D = {
			isa = PBXGroup;
			children = (
				DDA318D32623CA0000CC1A5D /* Restaurant Recommendations */,
				DDA318D22623CA0000CC1A5D /* Products */,
				D22EAA029755C4F6A520F0FD /* Pods */,
				CEDF9E743BC6561F0D637D47 /* Frameworks */,
			);
			sourceTree = "<group>";
		};
		DDA318D22623CA0000CC1A5D /* Products */ = {
			isa = PBXGroup;
			children = (
				DDA318D12623CA0000CC1A5D /* Restaurant Recommendations.app */,
			);
			name = Products;
			sourceTree = "<group>";
		};
		DDA318D32623CA0000CC1A5D /* Restaurant Recommendations */ = {
			isa = PBXGroup;
			children = (
				DDA318D42623CA0000CC1A5D /* AppDelegate.swift */,
				DDA318D62623CA0000CC1A5D /* SceneDelegate.swift */,
				DDA318EB2623CA4500CC1A5D /* Model */,
				DDA318E92623CA0A00CC1A5D /* View */,
				DDA318EA2623CA1100CC1A5D /* Controller */,
				DDA318DD2623CA0000CC1A5D /* Assets.xcassets */,
				DDA318DF2623CA0000CC1A5D /* LaunchScreen.storyboard */,
				DD28643D2624B0B60049B1C5 /* GoogleService-Info.plist */,
				DDA318E22623CA0000CC1A5D /* Info.plist */,
			);
			path = "Restaurant Recommendations";
			sourceTree = "<group>";
		};
		DDA318E92623CA0A00CC1A5D /* View */ = {
			isa = PBXGroup;
			children = (
				DDA318DA2623CA0000CC1A5D /* Main.storyboard */,
				DD862F6A2649BE8500A316D3 /* FriendTableViewCell.swift */,
				DD99351D2652CD3B002FCB55 /* MyAlert.swift */,
				9738FD942653149B00F11CEB /* FavoritesCollectionViewCell.swift */,
			);
			path = View;
			sourceTree = "<group>";
		};
		DDA318EA2623CA1100CC1A5D /* Controller */ = {
			isa = PBXGroup;
			children = (
				DDA318D82623CA0000CC1A5D /* LoginViewController.swift */,
				DD3DD812262D2B3400661A7F /* HomeViewController.swift */,
				DD3DD815262D2BBD00661A7F /* SearchViewController.swift */,
				DD3DD818262D2BFE00661A7F /* RestaurantDetailViewController.swift */,
				DD3DD81F262D2C6500661A7F /* FriendsTableViewController.swift */,
				DD3DD822262D2CCE00661A7F /* RecommendationTableViewController.swift */,
				B355544026406DBF008D1B44 /* RestaurantCell.swift */,
			);
			path = Controller;
			sourceTree = "<group>";
		};
		DDA318EB2623CA4500CC1A5D /* Model */ = {
			isa = PBXGroup;
			children = (
				DDCB152D26576206004B4B60 /* Styling.swift */,
				DD28646C2624B6970049B1C5 /* User and Restaurant Object */,
				DD28645D2624B4D00049B1C5 /* Api and Firebase */,
				DD28645B2624B4960049B1C5 /* Json */,
			);
			path = Model;
			sourceTree = "<group>";
		};
/* End PBXGroup section */

/* Begin PBXNativeTarget section */
		DDA318D02623CA0000CC1A5D /* Restaurant Recommendations */ = {
			isa = PBXNativeTarget;
			buildConfigurationList = DDA318E52623CA0000CC1A5D /* Build configuration list for PBXNativeTarget "Restaurant Recommendations" */;
			buildPhases = (
				0AFC872EA77B52BCA65BA89C /* [CP] Check Pods Manifest.lock */,
				DDA318CD2623CA0000CC1A5D /* Sources */,
				DDA318CE2623CA0000CC1A5D /* Frameworks */,
				DDA318CF2623CA0000CC1A5D /* Resources */,
				835F1F5ECC5BB335786F3850 /* [CP] Embed Pods Frameworks */,
			);
			buildRules = (
			);
			dependencies = (
			);
			name = "Restaurant Recommendations";
			productName = "Restaurant Recommendations";
			productReference = DDA318D12623CA0000CC1A5D /* Restaurant Recommendations.app */;
			productType = "com.apple.product-type.application";
		};
/* End PBXNativeTarget section */

/* Begin PBXProject section */
		DDA318C92623CA0000CC1A5D /* Project object */ = {
			isa = PBXProject;
			attributes = {
				LastSwiftUpdateCheck = 1240;
				LastUpgradeCheck = 1240;
				TargetAttributes = {
					DDA318D02623CA0000CC1A5D = {
						CreatedOnToolsVersion = 12.4;
					};
				};
			};
			buildConfigurationList = DDA318CC2623CA0000CC1A5D /* Build configuration list for PBXProject "Restaurant Recommendations" */;
			compatibilityVersion = "Xcode 9.3";
			developmentRegion = en;
			hasScannedForEncodings = 0;
			knownRegions = (
				en,
				Base,
			);
			mainGroup = DDA318C82623CA0000CC1A5D;
			productRefGroup = DDA318D22623CA0000CC1A5D /* Products */;
			projectDirPath = "";
			projectRoot = "";
			targets = (
				DDA318D02623CA0000CC1A5D /* Restaurant Recommendations */,
			);
		};
/* End PBXProject section */

/* Begin PBXResourcesBuildPhase section */
		DDA318CF2623CA0000CC1A5D /* Resources */ = {
			isa = PBXResourcesBuildPhase;
			buildActionMask = 2147483647;
			files = (
				DDA318E12623CA0000CC1A5D /* LaunchScreen.storyboard in Resources */,
				DD28643E2624B0B60049B1C5 /* GoogleService-Info.plist in Resources */,
				DDA318DE2623CA0000CC1A5D /* Assets.xcassets in Resources */,
				DDA318DC2623CA0000CC1A5D /* Main.storyboard in Resources */,
			);
			runOnlyForDeploymentPostprocessing = 0;
		};
/* End PBXResourcesBuildPhase section */

/* Begin PBXShellScriptBuildPhase section */
		0AFC872EA77B52BCA65BA89C /* [CP] Check Pods Manifest.lock */ = {
			isa = PBXShellScriptBuildPhase;
			buildActionMask = 2147483647;
			files = (
			);
			inputFileListPaths = (
			);
			inputPaths = (
				"${PODS_PODFILE_DIR_PATH}/Podfile.lock",
				"${PODS_ROOT}/Manifest.lock",
			);
			name = "[CP] Check Pods Manifest.lock";
			outputFileListPaths = (
			);
			outputPaths = (
				"$(DERIVED_FILE_DIR)/Pods-Restaurant Recommendations-checkManifestLockResult.txt",
			);
			runOnlyForDeploymentPostprocessing = 0;
			shellPath = /bin/sh;
			shellScript = "diff \"${PODS_PODFILE_DIR_PATH}/Podfile.lock\" \"${PODS_ROOT}/Manifest.lock\" > /dev/null\nif [ $? != 0 ] ; then\n    # print error to STDERR\n    echo \"error: The sandbox is not in sync with the Podfile.lock. Run 'pod install' or update your CocoaPods installation.\" >&2\n    exit 1\nfi\n# This output is used by Xcode 'outputs' to avoid re-running this script phase.\necho \"SUCCESS\" > \"${SCRIPT_OUTPUT_FILE_0}\"\n";
			showEnvVarsInLog = 0;
		};
		835F1F5ECC5BB335786F3850 /* [CP] Embed Pods Frameworks */ = {
			isa = PBXShellScriptBuildPhase;
			buildActionMask = 2147483647;
			files = (
			);
			inputFileListPaths = (
				"${PODS_ROOT}/Target Support Files/Pods-Restaurant Recommendations/Pods-Restaurant Recommendations-frameworks-${CONFIGURATION}-input-files.xcfilelist",
			);
			name = "[CP] Embed Pods Frameworks";
			outputFileListPaths = (
				"${PODS_ROOT}/Target Support Files/Pods-Restaurant Recommendations/Pods-Restaurant Recommendations-frameworks-${CONFIGURATION}-output-files.xcfilelist",
			);
			runOnlyForDeploymentPostprocessing = 0;
			shellPath = /bin/sh;
			shellScript = "\"${PODS_ROOT}/Target Support Files/Pods-Restaurant Recommendations/Pods-Restaurant Recommendations-frameworks.sh\"\n";
			showEnvVarsInLog = 0;
		};
/* End PBXShellScriptBuildPhase section */

/* Begin PBXSourcesBuildPhase section */
		DDA318CD2623CA0000CC1A5D /* Sources */ = {
			isa = PBXSourcesBuildPhase;
			buildActionMask = 2147483647;
			files = (
				DD99351E2652CD3B002FCB55 /* MyAlert.swift in Sources */,
				B355544126406DBF008D1B44 /* RestaurantCell.swift in Sources */,
				9738FD952653149B00F11CEB /* FavoritesCollectionViewCell.swift in Sources */,
				DD2864632624B5E40049B1C5 /* UserInformation.swift in Sources */,
				DD3DD816262D2BBD00661A7F /* SearchViewController.swift in Sources */,
				DD3DD820262D2C6500661A7F /* FriendsTableViewController.swift in Sources */,
				DD2864592624B4830049B1C5 /* JsonParse.swift in Sources */,
				DDA318D92623CA0000CC1A5D /* LoginViewController.swift in Sources */,
				DDA318D52623CA0000CC1A5D /* AppDelegate.swift in Sources */,
				DDCB152E26576206004B4B60 /* Styling.swift in Sources */,
				DD28646A2624B6260049B1C5 /* FirebaseHelper.swift in Sources */,
				DD3DD813262D2B3400661A7F /* HomeViewController.swift in Sources */,
				DD3DD823262D2CCE00661A7F /* RecommendationTableViewController.swift in Sources */,
				DD2864672624B6160049B1C5 /* User.swift in Sources */,
				DD2864552624B41F0049B1C5 /* RestaurantObject.swift in Sources */,
				DD28645F2624B4FD0049B1C5 /* Search.swift in Sources */,
				DD3DD819262D2BFE00661A7F /* RestaurantDetailViewController.swift in Sources */,
				DDA318D72623CA0000CC1A5D /* SceneDelegate.swift in Sources */,
				DD862F6B2649BE8500A316D3 /* FriendTableViewCell.swift in Sources */,
			);
			runOnlyForDeploymentPostprocessing = 0;
		};
/* End PBXSourcesBuildPhase section */

/* Begin PBXVariantGroup section */
		DDA318DA2623CA0000CC1A5D /* Main.storyboard */ = {
			isa = PBXVariantGroup;
			children = (
				DDA318DB2623CA0000CC1A5D /* Base */,
			);
			name = Main.storyboard;
			sourceTree = "<group>";
		};
		DDA318DF2623CA0000CC1A5D /* LaunchScreen.storyboard */ = {
			isa = PBXVariantGroup;
			children = (
				DDA318E02623CA0000CC1A5D /* Base */,
			);
			name = LaunchScreen.storyboard;
			sourceTree = "<group>";
		};
/* End PBXVariantGroup section */

/* Begin XCBuildConfiguration section */
		DDA318E32623CA0000CC1A5D /* Debug */ = {
			isa = XCBuildConfiguration;
			buildSettings = {
				ALWAYS_SEARCH_USER_PATHS = NO;
				CLANG_ANALYZER_NONNULL = YES;
				CLANG_ANALYZER_NUMBER_OBJECT_CONVERSION = YES_AGGRESSIVE;
				CLANG_CXX_LANGUAGE_STANDARD = "gnu++14";
				CLANG_CXX_LIBRARY = "libc++";
				CLANG_ENABLE_MODULES = YES;
				CLANG_ENABLE_OBJC_ARC = YES;
				CLANG_ENABLE_OBJC_WEAK = YES;
				CLANG_WARN_BLOCK_CAPTURE_AUTORELEASING = YES;
				CLANG_WARN_BOOL_CONVERSION = YES;
				CLANG_WARN_COMMA = YES;
				CLANG_WARN_CONSTANT_CONVERSION = YES;
				CLANG_WARN_DEPRECATED_OBJC_IMPLEMENTATIONS = YES;
				CLANG_WARN_DIRECT_OBJC_ISA_USAGE = YES_ERROR;
				CLANG_WARN_DOCUMENTATION_COMMENTS = YES;
				CLANG_WARN_EMPTY_BODY = YES;
				CLANG_WARN_ENUM_CONVERSION = YES;
				CLANG_WARN_INFINITE_RECURSION = YES;
				CLANG_WARN_INT_CONVERSION = YES;
				CLANG_WARN_NON_LITERAL_NULL_CONVERSION = YES;
				CLANG_WARN_OBJC_IMPLICIT_RETAIN_SELF = YES;
				CLANG_WARN_OBJC_LITERAL_CONVERSION = YES;
				CLANG_WARN_OBJC_ROOT_CLASS = YES_ERROR;
				CLANG_WARN_QUOTED_INCLUDE_IN_FRAMEWORK_HEADER = YES;
				CLANG_WARN_RANGE_LOOP_ANALYSIS = YES;
				CLANG_WARN_STRICT_PROTOTYPES = YES;
				CLANG_WARN_SUSPICIOUS_MOVE = YES;
				CLANG_WARN_UNGUARDED_AVAILABILITY = YES_AGGRESSIVE;
				CLANG_WARN_UNREACHABLE_CODE = YES;
				CLANG_WARN__DUPLICATE_METHOD_MATCH = YES;
				COPY_PHASE_STRIP = NO;
				DEBUG_INFORMATION_FORMAT = dwarf;
				ENABLE_STRICT_OBJC_MSGSEND = YES;
				ENABLE_TESTABILITY = YES;
				GCC_C_LANGUAGE_STANDARD = gnu11;
				GCC_DYNAMIC_NO_PIC = NO;
				GCC_NO_COMMON_BLOCKS = YES;
				GCC_OPTIMIZATION_LEVEL = 0;
				GCC_PREPROCESSOR_DEFINITIONS = (
					"DEBUG=1",
					"$(inherited)",
				);
				GCC_WARN_64_TO_32_BIT_CONVERSION = YES;
				GCC_WARN_ABOUT_RETURN_TYPE = YES_ERROR;
				GCC_WARN_UNDECLARED_SELECTOR = YES;
				GCC_WARN_UNINITIALIZED_AUTOS = YES_AGGRESSIVE;
				GCC_WARN_UNUSED_FUNCTION = YES;
				GCC_WARN_UNUSED_VARIABLE = YES;
				IPHONEOS_DEPLOYMENT_TARGET = 14.4;
				MTL_ENABLE_DEBUG_INFO = INCLUDE_SOURCE;
				MTL_FAST_MATH = YES;
				ONLY_ACTIVE_ARCH = YES;
				SDKROOT = iphoneos;
				SWIFT_ACTIVE_COMPILATION_CONDITIONS = DEBUG;
				SWIFT_OPTIMIZATION_LEVEL = "-Onone";
			};
			name = Debug;
		};
		DDA318E42623CA0000CC1A5D /* Release */ = {
			isa = XCBuildConfiguration;
			buildSettings = {
				ALWAYS_SEARCH_USER_PATHS = NO;
				CLANG_ANALYZER_NONNULL = YES;
				CLANG_ANALYZER_NUMBER_OBJECT_CONVERSION = YES_AGGRESSIVE;
				CLANG_CXX_LANGUAGE_STANDARD = "gnu++14";
				CLANG_CXX_LIBRARY = "libc++";
				CLANG_ENABLE_MODULES = YES;
				CLANG_ENABLE_OBJC_ARC = YES;
				CLANG_ENABLE_OBJC_WEAK = YES;
				CLANG_WARN_BLOCK_CAPTURE_AUTORELEASING = YES;
				CLANG_WARN_BOOL_CONVERSION = YES;
				CLANG_WARN_COMMA = YES;
				CLANG_WARN_CONSTANT_CONVERSION = YES;
				CLANG_WARN_DEPRECATED_OBJC_IMPLEMENTATIONS = YES;
				CLANG_WARN_DIRECT_OBJC_ISA_USAGE = YES_ERROR;
				CLANG_WARN_DOCUMENTATION_COMMENTS = YES;
				CLANG_WARN_EMPTY_BODY = YES;
				CLANG_WARN_ENUM_CONVERSION = YES;
				CLANG_WARN_INFINITE_RECURSION = YES;
				CLANG_WARN_INT_CONVERSION = YES;
				CLANG_WARN_NON_LITERAL_NULL_CONVERSION = YES;
				CLANG_WARN_OBJC_IMPLICIT_RETAIN_SELF = YES;
				CLANG_WARN_OBJC_LITERAL_CONVERSION = YES;
				CLANG_WARN_OBJC_ROOT_CLASS = YES_ERROR;
				CLANG_WARN_QUOTED_INCLUDE_IN_FRAMEWORK_HEADER = YES;
				CLANG_WARN_RANGE_LOOP_ANALYSIS = YES;
				CLANG_WARN_STRICT_PROTOTYPES = YES;
				CLANG_WARN_SUSPICIOUS_MOVE = YES;
				CLANG_WARN_UNGUARDED_AVAILABILITY = YES_AGGRESSIVE;
				CLANG_WARN_UNREACHABLE_CODE = YES;
				CLANG_WARN__DUPLICATE_METHOD_MATCH = YES;
				COPY_PHASE_STRIP = NO;
				DEBUG_INFORMATION_FORMAT = "dwarf-with-dsym";
				ENABLE_NS_ASSERTIONS = NO;
				ENABLE_STRICT_OBJC_MSGSEND = YES;
				GCC_C_LANGUAGE_STANDARD = gnu11;
				GCC_NO_COMMON_BLOCKS = YES;
				GCC_WARN_64_TO_32_BIT_CONVERSION = YES;
				GCC_WARN_ABOUT_RETURN_TYPE = YES_ERROR;
				GCC_WARN_UNDECLARED_SELECTOR = YES;
				GCC_WARN_UNINITIALIZED_AUTOS = YES_AGGRESSIVE;
				GCC_WARN_UNUSED_FUNCTION = YES;
				GCC_WARN_UNUSED_VARIABLE = YES;
				IPHONEOS_DEPLOYMENT_TARGET = 14.4;
				MTL_ENABLE_DEBUG_INFO = NO;
				MTL_FAST_MATH = YES;
				SDKROOT = iphoneos;
				SWIFT_COMPILATION_MODE = wholemodule;
				SWIFT_OPTIMIZATION_LEVEL = "-O";
				VALIDATE_PRODUCT = YES;
			};
			name = Release;
		};
		DDA318E62623CA0000CC1A5D /* Debug */ = {
			isa = XCBuildConfiguration;
			baseConfigurationReference = 6BEDAFE3747856C4FBA51EE6 /* Pods-Restaurant Recommendations.debug.xcconfig */;
			buildSettings = {
				ASSETCATALOG_COMPILER_APPICON_NAME = AppIcon;
				ASSETCATALOG_COMPILER_GLOBAL_ACCENT_COLOR_NAME = AccentColor;
				CODE_SIGN_STYLE = Automatic;
				DEVELOPMENT_TEAM = YGNVT89K5D;
				INFOPLIST_FILE = "Restaurant Recommendations/Info.plist";
				IPHONEOS_DEPLOYMENT_TARGET = 14.2;
				LD_RUNPATH_SEARCH_PATHS = (
					"$(inherited)",
					"@executable_path/Frameworks",
				);
				PRODUCT_BUNDLE_IDENTIFIER = "KingRichCoding.Restaurant-Recommendations";
				PRODUCT_NAME = "$(TARGET_NAME)";
				SWIFT_VERSION = 5.0;
				TARGETED_DEVICE_FAMILY = "1,2";
			};
			name = Debug;
		};
		DDA318E72623CA0000CC1A5D /* Release */ = {
			isa = XCBuildConfiguration;
			baseConfigurationReference = 1770F5A38596B641BCB5C871 /* Pods-Restaurant Recommendations.release.xcconfig */;
			buildSettings = {
				ASSETCATALOG_COMPILER_APPICON_NAME = AppIcon;
				ASSETCATALOG_COMPILER_GLOBAL_ACCENT_COLOR_NAME = AccentColor;
				CODE_SIGN_STYLE = Automatic;
				DEVELOPMENT_TEAM = YGNVT89K5D;
				INFOPLIST_FILE = "Restaurant Recommendations/Info.plist";
				IPHONEOS_DEPLOYMENT_TARGET = 14.2;
				LD_RUNPATH_SEARCH_PATHS = (
					"$(inherited)",
					"@executable_path/Frameworks",
				);
				PRODUCT_BUNDLE_IDENTIFIER = "KingRichCoding.Restaurant-Recommendations";
				PRODUCT_NAME = "$(TARGET_NAME)";
				SWIFT_VERSION = 5.0;
				TARGETED_DEVICE_FAMILY = "1,2";
			};
			name = Release;
		};
/* End XCBuildConfiguration section */

/* Begin XCConfigurationList section */
		DDA318CC2623CA0000CC1A5D /* Build configuration list for PBXProject "Restaurant Recommendations" */ = {
			isa = XCConfigurationList;
			buildConfigurations = (
				DDA318E32623CA0000CC1A5D /* Debug */,
				DDA318E42623CA0000CC1A5D /* Release */,
			);
			defaultConfigurationIsVisible = 0;
			defaultConfigurationName = Release;
		};
		DDA318E52623CA0000CC1A5D /* Build configuration list for PBXNativeTarget "Restaurant Recommendations" */ = {
			isa = XCConfigurationList;
			buildConfigurations = (
				DDA318E62623CA0000CC1A5D /* Debug */,
				DDA318E72623CA0000CC1A5D /* Release */,
			);
			defaultConfigurationIsVisible = 0;
			defaultConfigurationName = Release;
		};
/* End XCConfigurationList section */
	};
	rootObject = DDA318C92623CA0000CC1A5D /* Project object */;
}
